
Microsoft Visual Studio Solution File, Format Version 12.00
# Visual Studio Version 16
VisualStudioVersion = 16.0.30907.101
MinimumVisualStudioVersion = 10.0.40219.1
Project("{FAE04EC0-301F-11D3-BF4B-00C04F79EFBC}") = "NMDCATEtestPreparatory", "NMDCATEtestPreparatory.csproj", "{C9348176-8880-4A58-9F35-34429FEB2D44}"
EndProject
Global
	GlobalSection(SolutionConfigurationPlatforms) = preSolution
		Debug|Any CPU = Debug|Any CPU
		Release|Any CPU = Release|Any CPU
	EndGlobalSection
	GlobalSection(ProjectConfigurationPlatforms) = postSolution
		{C9348176-8880-4A58-9F35-34429FEB2D44}.Debug|Any CPU.ActiveCfg = Debug|Any CPU
		{C9348176-8880-4A58-9F35-34429FEB2D44}.Debug|Any CPU.Build.0 = Debug|Any CPU
		{C9348176-8880-4A58-9F35-34429FEB2D44}.Release|Any CPU.ActiveCfg = Release|Any CPU
		{C9348176-8880-4A58-9F35-34429FEB2D44}.Release|Any CPU.Build.0 = Release|Any CPU
	EndGlobalSection
	GlobalSection(SolutionProperties) = preSolution
		HideSolutionNode = FALSE
	EndGlobalSection
	GlobalSection(ExtensibilityGlobals) = postSolution
		SolutionGuid = {8A8ECF02-A64B-4AAC-BD96-81850EAE9040}
	EndGlobalSection
EndGlobal
